
Microsoft Visual Studio Solution File, Format Version 12.00
# Visual Studio Version 16
VisualStudioVersion = 16.0.33801.447
MinimumVisualStudioVersion = 10.0.40219.1
Project("{FAE04EC0-301F-11D3-BF4B-00C04F79EFBC}") = "CtorInjectionCrud", "CtorInjectionCrud\CtorInjectionCrud.csproj", "{8CD7E27A-B4BB-4FD7-A987-87B85BAFFAB4}"
EndProject
Global
	GlobalSection(SolutionConfigurationPlatforms) = preSolution
		Debug|Any CPU = Debug|Any CPU
		Release|Any CPU = Release|Any CPU
	EndGlobalSection
	GlobalSection(ProjectConfigurationPlatforms) = postSolution
		{8CD7E27A-B4BB-4FD7-A987-87B85BAFFAB4}.Debug|Any CPU.ActiveCfg = Debug|Any CPU
		{8CD7E27A-B4BB-4FD7-A987-87B85BAFFAB4}.Debug|Any CPU.Build.0 = Debug|Any CPU
		{8CD7E27A-B4BB-4FD7-A987-87B85BAFFAB4}.Release|Any CPU.ActiveCfg = Release|Any CPU
		{8CD7E27A-B4BB-4FD7-A987-87B85BAFFAB4}.Release|Any CPU.Build.0 = Release|Any CPU
	EndGlobalSection
	GlobalSection(SolutionProperties) = preSolution
		HideSolutionNode = FALSE
	EndGlobalSection
	GlobalSection(ExtensibilityGlobals) = postSolution
		SolutionGuid = {15F73E88-82C2-4A74-A3E1-D092CD1D0169}
	EndGlobalSection
EndGlobal
